
Microsoft Visual Studio Solution File, Format Version 12.00
# Visual Studio Version 17
VisualStudioVersion = 17.11.35303.130
MinimumVisualStudioVersion = 10.0.40219.1
Project("{2150E333-8FDC-42A3-9474-1A3956D46DE8}") = "Task0", "Task0", "{40DA857E-4229-4226-9503-86C6846CDE91}"
EndProject
Project("{FAE04EC0-301F-11D3-BF4B-00C04F79EFBC}") = "Tyuiu.BaldinAA.Sprint4.Task0.V9.Lib", "Tyuiu.BaldinAA.Sprint4.Task0.V9.Lib\Tyuiu.BaldinAA.Sprint4.Task0.V9.Lib.csproj", "{2BC77BE6-71E0-41CC-95C7-84E41224380B}"
EndProject
Project("{FAE04EC0-301F-11D3-BF4B-00C04F79EFBC}") = "Tyuiu.BaldinAA.Sprint4.Task0.V9", "Tyuiu.BaldinAA.Sprint4.Task0.V9\Tyuiu.BaldinAA.Sprint4.Task0.V9.csproj", "{341F5434-8D58-484E-AC5B-47184ABBF80E}"
EndProject
Project("{FAE04EC0-301F-11D3-BF4B-00C04F79EFBC}") = "Tyuiu.BaldinAA.Sprint4.Task0.V9.Test", "Tyuiu.BaldinAA.Sprint4.Task0.V9.Test\Tyuiu.BaldinAA.Sprint4.Task0.V9.Test.csproj", "{42D04325-C941-4842-88C9-4BE88A8D0513}"
EndProject
Project("{2150E333-8FDC-42A3-9474-1A3956D46DE8}") = "Task1", "Task1", "{E5A144A2-5CB9-45A6-B9B8-A995F0B8193A}"
EndProject
Project("{FAE04EC0-301F-11D3-BF4B-00C04F79EFBC}") = "Tyuiu.BaldinAA.Sprint4.Task1.V22", "Tyuiu.BaldinAA.Sprint4.Task1.V22\Tyuiu.BaldinAA.Sprint4.Task1.V22.csproj", "{2CE73107-2EFF-498B-AB08-2A056F7E8065}"
EndProject
Project("{FAE04EC0-301F-11D3-BF4B-00C04F79EFBC}") = "Tyuiu.BaldinAA.Sprint4.Task1.V22.Lib", "Tyuiu.BaldinAA.Sprint4.Task1.V22.Lib\Tyuiu.BaldinAA.Sprint4.Task1.V22.Lib.csproj", "{CB2A47FB-5403-445D-BB2B-ED806048D180}"
EndProject
Project("{FAE04EC0-301F-11D3-BF4B-00C04F79EFBC}") = "Tyuiu.BaldinAA.Sprint4.Task1.V22.Test", "Tyuiu.BaldinAA.Sprint4.Task1.V22.Test\Tyuiu.BaldinAA.Sprint4.Task1.V22.Test.csproj", "{A0A40B7A-30B3-40BE-BCB7-2AF5068692D8}"
EndProject
Project("{2150E333-8FDC-42A3-9474-1A3956D46DE8}") = "Task2", "Task2", "{FF2263AA-A417-4A07-ADA5-32019BC0E283}"
EndProject
Project("{FAE04EC0-301F-11D3-BF4B-00C04F79EFBC}") = "Tyuiu.BaldinAA.Sprint4.Task2.V3", "Tyuiu.BaldinAA.Sprint4.Task2.V3\Tyuiu.BaldinAA.Sprint4.Task2.V3.csproj", "{80243E66-371E-4D80-BB9B-ABA8941F95A6}"
EndProject
Project("{FAE04EC0-301F-11D3-BF4B-00C04F79EFBC}") = "Tyuiu.BaldinAA.Sprint4.Task2.V3.Lib", "Tyuiu.BaldinAA.Sprint4.Task2.V3.Lib\Tyuiu.BaldinAA.Sprint4.Task2.V3.Lib.csproj", "{CB55CB00-8DF6-4374-B6BE-0A12D98256D0}"
EndProject
Project("{FAE04EC0-301F-11D3-BF4B-00C04F79EFBC}") = "Tyuiu.BaldinAA.Sprint4.Task2.V3.Test", "Tyuiu.BaldinAA.Sprint4.Task2.V3.Test\Tyuiu.BaldinAA.Sprint4.Task2.V3.Test.csproj", "{AF32F72D-A394-4F65-9A95-0A1F2A3D87D6}"
EndProject
Project("{2150E333-8FDC-42A3-9474-1A3956D46DE8}") = "Task3", "Task3", "{6518093B-2A05-4922-A1BF-A4153DA22409}"
EndProject
Project("{FAE04EC0-301F-11D3-BF4B-00C04F79EFBC}") = "Tyuiu.BaldinAA.Sprint4.Task3.V3", "Tyuiu.BaldinAA.Sprint4.Task3.V3\Tyuiu.BaldinAA.Sprint4.Task3.V3.csproj", "{4E9B6A21-34E5-4037-AEE8-C0A03ED8BB90}"
EndProject
Project("{FAE04EC0-301F-11D3-BF4B-00C04F79EFBC}") = "Tyuiu.BaldinAA.Sprint4.Task3.V3.Lib", "Tyuiu.BaldinAA.Sprint4.Task3.V3.Lib\Tyuiu.BaldinAA.Sprint4.Task3.V3.Lib.csproj", "{C1898BA8-0BF3-4277-92D4-429C637D970D}"
EndProject
Project("{FAE04EC0-301F-11D3-BF4B-00C04F79EFBC}") = "Tyuiu.BaldinAA.Sprint4.Task3.V3.Test", "Tyuiu.BaldinAA.Sprint4.Task3.V3.Test\Tyuiu.BaldinAA.Sprint4.Task3.V3.Test.csproj", "{21820B7E-0D2E-48BC-BE91-C138260974E8}"
EndProject
Global
	GlobalSection(SolutionConfigurationPlatforms) = preSolution
		Debug|Any CPU = Debug|Any CPU
		Release|Any CPU = Release|Any CPU
	EndGlobalSection
	GlobalSection(ProjectConfigurationPlatforms) = postSolution
		{2BC77BE6-71E0-41CC-95C7-84E41224380B}.Debug|Any CPU.ActiveCfg = Debug|Any CPU
		{2BC77BE6-71E0-41CC-95C7-84E41224380B}.Debug|Any CPU.Build.0 = Debug|Any CPU
		{2BC77BE6-71E0-41CC-95C7-84E41224380B}.Release|Any CPU.ActiveCfg = Release|Any CPU
		{2BC77BE6-71E0-41CC-95C7-84E41224380B}.Release|Any CPU.Build.0 = Release|Any CPU
		{341F5434-8D58-484E-AC5B-47184ABBF80E}.Debug|Any CPU.ActiveCfg = Debug|Any CPU
		{341F5434-8D58-484E-AC5B-47184ABBF80E}.Debug|Any CPU.Build.0 = Debug|Any CPU
		{341F5434-8D58-484E-AC5B-47184ABBF80E}.Release|Any CPU.ActiveCfg = Release|Any CPU
		{341F5434-8D58-484E-AC5B-47184ABBF80E}.Release|Any CPU.Build.0 = Release|Any CPU
		{42D04325-C941-4842-88C9-4BE88A8D0513}.Debug|Any CPU.ActiveCfg = Debug|Any CPU
		{42D04325-C941-4842-88C9-4BE88A8D0513}.Debug|Any CPU.Build.0 = Debug|Any CPU
		{42D04325-C941-4842-88C9-4BE88A8D0513}.Release|Any CPU.ActiveCfg = Release|Any CPU
		{42D04325-C941-4842-88C9-4BE88A8D0513}.Release|Any CPU.Build.0 = Release|Any CPU
		{2CE73107-2EFF-498B-AB08-2A056F7E8065}.Debug|Any CPU.ActiveCfg = Debug|Any CPU
		{2CE73107-2EFF-498B-AB08-2A056F7E8065}.Debug|Any CPU.Build.0 = Debug|Any CPU
		{2CE73107-2EFF-498B-AB08-2A056F7E8065}.Release|Any CPU.ActiveCfg = Release|Any CPU
		{2CE73107-2EFF-498B-AB08-2A056F7E8065}.Release|Any CPU.Build.0 = Release|Any CPU
		{CB2A47FB-5403-445D-BB2B-ED806048D180}.Debug|Any CPU.ActiveCfg = Debug|Any CPU
		{CB2A47FB-5403-445D-BB2B-ED806048D180}.Debug|Any CPU.Build.0 = Debug|Any CPU
		{CB2A47FB-5403-445D-BB2B-ED806048D180}.Release|Any CPU.ActiveCfg = Release|Any CPU
		{CB2A47FB-5403-445D-BB2B-ED806048D180}.Release|Any CPU.Build.0 = Release|Any CPU
		{A0A40B7A-30B3-40BE-BCB7-2AF5068692D8}.Debug|Any CPU.ActiveCfg = Debug|Any CPU
		{A0A40B7A-30B3-40BE-BCB7-2AF5068692D8}.Debug|Any CPU.Build.0 = Debug|Any CPU
		{A0A40B7A-30B3-40BE-BCB7-2AF5068692D8}.Release|Any CPU.ActiveCfg = Release|Any CPU
		{A0A40B7A-30B3-40BE-BCB7-2AF5068692D8}.Release|Any CPU.Build.0 = Release|Any CPU
		{80243E66-371E-4D80-BB9B-ABA8941F95A6}.Debug|Any CPU.ActiveCfg = Debug|Any CPU
		{80243E66-371E-4D80-BB9B-ABA8941F95A6}.Debug|Any CPU.Build.0 = Debug|Any CPU
		{80243E66-371E-4D80-BB9B-ABA8941F95A6}.Release|Any CPU.ActiveCfg = Release|Any CPU
		{80243E66-371E-4D80-BB9B-ABA8941F95A6}.Release|Any CPU.Build.0 = Release|Any CPU
		{CB55CB00-8DF6-4374-B6BE-0A12D98256D0}.Debug|Any CPU.ActiveCfg = Debug|Any CPU
		{CB55CB00-8DF6-4374-B6BE-0A12D98256D0}.Debug|Any CPU.Build.0 = Debug|Any CPU
		{CB55CB00-8DF6-4374-B6BE-0A12D98256D0}.Release|Any CPU.ActiveCfg = Release|Any CPU
		{CB55CB00-8DF6-4374-B6BE-0A12D98256D0}.Release|Any CPU.Build.0 = Release|Any CPU
		{AF32F72D-A394-4F65-9A95-0A1F2A3D87D6}.Debug|Any CPU.ActiveCfg = Debug|Any CPU
		{AF32F72D-A394-4F65-9A95-0A1F2A3D87D6}.Debug|Any CPU.Build.0 = Debug|Any CPU
		{AF32F72D-A394-4F65-9A95-0A1F2A3D87D6}.Release|Any CPU.ActiveCfg = Release|Any CPU
		{AF32F72D-A394-4F65-9A95-0A1F2A3D87D6}.Release|Any CPU.Build.0 = Release|Any CPU
		{4E9B6A21-34E5-4037-AEE8-C0A03ED8BB90}.Debug|Any CPU.ActiveCfg = Debug|Any CPU
		{4E9B6A21-34E5-4037-AEE8-C0A03ED8BB90}.Debug|Any CPU.Build.0 = Debug|Any CPU
		{4E9B6A21-34E5-4037-AEE8-C0A03ED8BB90}.Release|Any CPU.ActiveCfg = Release|Any CPU
		{4E9B6A21-34E5-4037-AEE8-C0A03ED8BB90}.Release|Any CPU.Build.0 = Release|Any CPU
		{C1898BA8-0BF3-4277-92D4-429C637D970D}.Debug|Any CPU.ActiveCfg = Debug|Any CPU
		{C1898BA8-0BF3-4277-92D4-429C637D970D}.Debug|Any CPU.Build.0 = Debug|Any CPU
		{C1898BA8-0BF3-4277-92D4-429C637D970D}.Release|Any CPU.ActiveCfg = Release|Any CPU
		{C1898BA8-0BF3-4277-92D4-429C637D970D}.Release|Any CPU.Build.0 = Release|Any CPU
		{21820B7E-0D2E-48BC-BE91-C138260974E8}.Debug|Any CPU.ActiveCfg = Debug|Any CPU
		{21820B7E-0D2E-48BC-BE91-C138260974E8}.Debug|Any CPU.Build.0 = Debug|Any CPU
		{21820B7E-0D2E-48BC-BE91-C138260974E8}.Release|Any CPU.ActiveCfg = Release|Any CPU
		{21820B7E-0D2E-48BC-BE91-C138260974E8}.Release|Any CPU.Build.0 = Release|Any CPU
	EndGlobalSection
	GlobalSection(SolutionProperties) = preSolution
		HideSolutionNode = FALSE
	EndGlobalSection
	GlobalSection(NestedProjects) = preSolution
		{2BC77BE6-71E0-41CC-95C7-84E41224380B} = {40DA857E-4229-4226-9503-86C6846CDE91}
		{341F5434-8D58-484E-AC5B-47184ABBF80E} = {40DA857E-4229-4226-9503-86C6846CDE91}
		{42D04325-C941-4842-88C9-4BE88A8D0513} = {40DA857E-4229-4226-9503-86C6846CDE91}
		{2CE73107-2EFF-498B-AB08-2A056F7E8065} = {E5A144A2-5CB9-45A6-B9B8-A995F0B8193A}
		{CB2A47FB-5403-445D-BB2B-ED806048D180} = {E5A144A2-5CB9-45A6-B9B8-A995F0B8193A}
		{A0A40B7A-30B3-40BE-BCB7-2AF5068692D8} = {E5A144A2-5CB9-45A6-B9B8-A995F0B8193A}
		{80243E66-371E-4D80-BB9B-ABA8941F95A6} = {FF2263AA-A417-4A07-ADA5-32019BC0E283}
		{CB55CB00-8DF6-4374-B6BE-0A12D98256D0} = {FF2263AA-A417-4A07-ADA5-32019BC0E283}
		{AF32F72D-A394-4F65-9A95-0A1F2A3D87D6} = {FF2263AA-A417-4A07-ADA5-32019BC0E283}
		{4E9B6A21-34E5-4037-AEE8-C0A03ED8BB90} = {6518093B-2A05-4922-A1BF-A4153DA22409}
		{C1898BA8-0BF3-4277-92D4-429C637D970D} = {6518093B-2A05-4922-A1BF-A4153DA22409}
		{21820B7E-0D2E-48BC-BE91-C138260974E8} = {6518093B-2A05-4922-A1BF-A4153DA22409}
	EndGlobalSection
	GlobalSection(ExtensibilityGlobals) = postSolution
		SolutionGuid = {7001CC17-3C2A-46A2-9B9B-A40163CE9D88}
	EndGlobalSection
EndGlobal
